
Microsoft Visual Studio Solution File, Format Version 12.00
# Visual Studio Version 17
VisualStudioVersion = 17.13.35913.81 d17.13
MinimumVisualStudioVersion = 10.0.40219.1
Project("{FAE04EC0-301F-11D3-BF4B-00C04F79EFBC}") = "ÜL2", "ÜL2.csproj", "{363A16FF-D1CB-4D21-ABD7-855120517BCF}"
EndProject
Global
	GlobalSection(SolutionConfigurationPlatforms) = preSolution
		Debug|Any CPU = Debug|Any CPU
		Release|Any CPU = Release|Any CPU
	EndGlobalSection
	GlobalSection(ProjectConfigurationPlatforms) = postSolution
		{363A16FF-D1CB-4D21-ABD7-855120517BCF}.Debug|Any CPU.ActiveCfg = Debug|Any CPU
		{363A16FF-D1CB-4D21-ABD7-855120517BCF}.Debug|Any CPU.Build.0 = Debug|Any CPU
		{363A16FF-D1CB-4D21-ABD7-855120517BCF}.Release|Any CPU.ActiveCfg = Release|Any CPU
		{363A16FF-D1CB-4D21-ABD7-855120517BCF}.Release|Any CPU.Build.0 = Release|Any CPU
	EndGlobalSection
	GlobalSection(SolutionProperties) = preSolution
		HideSolutionNode = FALSE
	EndGlobalSection
	GlobalSection(ExtensibilityGlobals) = postSolution
		SolutionGuid = {18A5B060-EF07-4557-803A-6A6CE2FE3B21}
	EndGlobalSection
EndGlobal
